{
  "version": 4,
  "terraform_version": "1.9.8",
  "serial": 14,
  "lineage": "421b1543-27a7-ccaa-a1d7-b53b29b61c6b",
  "outputs": {},
  "resources": [
    {
      "module": "module.cloud_run",
      "mode": "managed",
      "type": "google_project_iam_member",
      "name": "terraform_service_account_run_admin",
      "provider": "provider[\"registry.terraform.io/hashicorp/google\"]",
      "instances": [
        {
          "schema_version": 0,
          "attributes": {
            "condition": [],
            "etag": "BwYnG29qIx0=",
            "id": "starry-seat-438408-p1/roles/run.admin/serviceAccount:terraform-service-account@starry-seat-438408-p1.iam.gserviceaccount.com",
            "member": "serviceAccount:terraform-service-account@starry-seat-438408-p1.iam.gserviceaccount.com",
            "project": "starry-seat-438408-p1",
            "role": "roles/run.admin"
          },
          "sensitive_attributes": [],
          "private": "bnVsbA=="
        }
      ]
    },
    {
      "module": "module.cloud_run",
      "mode": "managed",
      "type": "google_project_iam_member",
      "name": "terraform_service_account_security_admin",
      "provider": "provider[\"registry.terraform.io/hashicorp/google\"]",
      "instances": [
        {
          "schema_version": 0,
          "attributes": {
            "condition": [],
            "etag": "BwYnG2+y66s=",
            "id": "starry-seat-438408-p1/roles/iam.securityAdmin/serviceAccount:terraform-service-account@starry-seat-438408-p1.iam.gserviceaccount.com",
            "member": "serviceAccount:terraform-service-account@starry-seat-438408-p1.iam.gserviceaccount.com",
            "project": "starry-seat-438408-p1",
            "role": "roles/iam.securityAdmin"
          },
          "sensitive_attributes": [],
          "private": "bnVsbA=="
        }
      ]
    },
    {
      "module": "module.cloud_run",
      "mode": "managed",
      "type": "google_project_service",
      "name": "cloud_run_api",
      "provider": "provider[\"registry.terraform.io/hashicorp/google\"]",
      "instances": [
        {
          "schema_version": 0,
          "attributes": {
            "disable_dependent_services": null,
            "disable_on_destroy": true,
            "id": "starry-seat-438408-p1/run.googleapis.com",
            "project": "starry-seat-438408-p1",
            "service": "run.googleapis.com",
            "timeouts": null
          },
          "sensitive_attributes": [],
          "private": "eyJlMmJmYjczMC1lY2FhLTExZTYtOGY4OC0zNDM2M2JjN2M0YzAiOnsiY3JlYXRlIjoxMjAwMDAwMDAwMDAwLCJkZWxldGUiOjEyMDAwMDAwMDAwMDAsInJlYWQiOjYwMDAwMDAwMDAwMCwidXBkYXRlIjoxMjAwMDAwMDAwMDAwfX0="
        }
      ]
    }
  ],
  "check_results": null
}
